// !$*UTF8*$!
{
	archiveVersion = 1;
	classes = {
	};
	objectVersion = 46;
	objects = {

/* Begin PBXBuildFile section */
		0708C2F61E429FBB00098684 /* ArithmeticTools.framework in CopyFiles */ = {isa = PBXBuildFile; fileRef = 0708C2F31E429FBB00098684 /* ArithmeticTools.framework */; settings = {ATTRIBUTES = (CodeSignOnCopy, RemoveHeadersOnCopy, ); }; };
		0708C2F71E429FBB00098684 /* Collections.framework in CopyFiles */ = {isa = PBXBuildFile; fileRef = 0708C2F41E429FBB00098684 /* Collections.framework */; settings = {ATTRIBUTES = (CodeSignOnCopy, RemoveHeadersOnCopy, ); }; };
		0708C2F91E429FBF00098684 /* Rhythm.framework in CopyFiles */ = {isa = PBXBuildFile; fileRef = 4816E5E4EE43ABE036DA477E /* Rhythm.framework */; settings = {ATTRIBUTES = (CodeSignOnCopy, RemoveHeadersOnCopy, ); }; };
		0708C2FA1E42A04900098684 /* ArithmeticTools.framework in Frameworks */ = {isa = PBXBuildFile; fileRef = 0708C2F31E429FBB00098684 /* ArithmeticTools.framework */; };
		0708C2FB1E42A04900098684 /* Collections.framework in Frameworks */ = {isa = PBXBuildFile; fileRef = 0708C2F41E429FBB00098684 /* Collections.framework */; };
		0708C2FD1E42A04F00098684 /* Rhythm.framework in Frameworks */ = {isa = PBXBuildFile; fileRef = 4816E5E4EE43ABE036DA477E /* Rhythm.framework */; };
		0708C3011E42A06900098684 /* ArithmeticTools.framework in Frameworks */ = {isa = PBXBuildFile; fileRef = 0708C2FE1E42A06900098684 /* ArithmeticTools.framework */; };
		0708C3021E42A06900098684 /* Collections.framework in Frameworks */ = {isa = PBXBuildFile; fileRef = 0708C2FF1E42A06900098684 /* Collections.framework */; };
		0708C3051E42A1DC00098684 /* ArithmeticTools.framework in CopyFiles */ = {isa = PBXBuildFile; fileRef = 0708C2FE1E42A06900098684 /* ArithmeticTools.framework */; settings = {ATTRIBUTES = (CodeSignOnCopy, RemoveHeadersOnCopy, ); }; };
		0708C3061E42A1DC00098684 /* Collections.framework in CopyFiles */ = {isa = PBXBuildFile; fileRef = 0708C2FF1E42A06900098684 /* Collections.framework */; settings = {ATTRIBUTES = (CodeSignOnCopy, RemoveHeadersOnCopy, ); }; };
		0708C3081E42A1DE00098684 /* Rhythm.framework in CopyFiles */ = {isa = PBXBuildFile; fileRef = 35C8F3A68AE9F3053FAD5640 /* Rhythm.framework */; settings = {ATTRIBUTES = (CodeSignOnCopy, RemoveHeadersOnCopy, ); }; };
		0708C3091E42A25600098684 /* Rhythm.framework in Frameworks */ = {isa = PBXBuildFile; fileRef = 35C8F3A68AE9F3053FAD5640 /* Rhythm.framework */; };
		072CBDA71E4AB2CF00B5001B /* MetricalDurationTree.swift in Sources */ = {isa = PBXBuildFile; fileRef = 072CBDA61E4AB2CF00B5001B /* MetricalDurationTree.swift */; };
		072CBDA81E4AB2CF00B5001B /* MetricalDurationTree.swift in Sources */ = {isa = PBXBuildFile; fileRef = 072CBDA61E4AB2CF00B5001B /* MetricalDurationTree.swift */; };
		073EC7241E3D2A7F00B63692 /* MetricalDurationTests.swift in Sources */ = {isa = PBXBuildFile; fileRef = 073EC7231E3D2A7F00B63692 /* MetricalDurationTests.swift */; };
		073EC7251E3D2A7F00B63692 /* MetricalDurationTests.swift in Sources */ = {isa = PBXBuildFile; fileRef = 073EC7231E3D2A7F00B63692 /* MetricalDurationTests.swift */; };
		0743097A1E4419CB002B88A1 /* ProportionTree.swift in Sources */ = {isa = PBXBuildFile; fileRef = 074309791E4419CB002B88A1 /* ProportionTree.swift */; };
		0743097B1E4419CB002B88A1 /* ProportionTree.swift in Sources */ = {isa = PBXBuildFile; fileRef = 074309791E4419CB002B88A1 /* ProportionTree.swift */; };
		0743097D1E441A23002B88A1 /* ProportionTreeTests.swift in Sources */ = {isa = PBXBuildFile; fileRef = 0743097C1E441A23002B88A1 /* ProportionTreeTests.swift */; };
		0743097E1E441A23002B88A1 /* ProportionTreeTests.swift in Sources */ = {isa = PBXBuildFile; fileRef = 0743097C1E441A23002B88A1 /* ProportionTreeTests.swift */; };
		0757B9331F155038004247D9 /* Tempo.Interpolation.Easing.swift in Sources */ = {isa = PBXBuildFile; fileRef = 0757B9321F155038004247D9 /* Tempo.Interpolation.Easing.swift */; };
		0757B9341F155038004247D9 /* Tempo.Interpolation.Easing.swift in Sources */ = {isa = PBXBuildFile; fileRef = 0757B9321F155038004247D9 /* Tempo.Interpolation.Easing.swift */; };
		0757B9391F15523E004247D9 /* Tempo.Interpolation.Collection.swift in Sources */ = {isa = PBXBuildFile; fileRef = 0757B9381F15523E004247D9 /* Tempo.Interpolation.Collection.swift */; };
		0757B93A1F15523E004247D9 /* Tempo.Interpolation.Collection.swift in Sources */ = {isa = PBXBuildFile; fileRef = 0757B9381F15523E004247D9 /* Tempo.Interpolation.Collection.swift */; };
		075C304B1EB15E9F008DB1D6 /* Tempo.swift in Sources */ = {isa = PBXBuildFile; fileRef = 075C304A1EB15E9F008DB1D6 /* Tempo.swift */; };
		075C304C1EB15E9F008DB1D6 /* Tempo.swift in Sources */ = {isa = PBXBuildFile; fileRef = 075C304A1EB15E9F008DB1D6 /* Tempo.swift */; };
		075C304E1EB15EB0008DB1D6 /* Meter.swift in Sources */ = {isa = PBXBuildFile; fileRef = 075C304D1EB15EB0008DB1D6 /* Meter.swift */; };
		075C304F1EB15EB0008DB1D6 /* Meter.swift in Sources */ = {isa = PBXBuildFile; fileRef = 075C304D1EB15EB0008DB1D6 /* Meter.swift */; };
		075C30541EB1618D008DB1D6 /* TempoTests.swift in Sources */ = {isa = PBXBuildFile; fileRef = 075C30531EB1618D008DB1D6 /* TempoTests.swift */; };
		075C30551EB1618D008DB1D6 /* TempoTests.swift in Sources */ = {isa = PBXBuildFile; fileRef = 075C30531EB1618D008DB1D6 /* TempoTests.swift */; };
		075C30571EB161A2008DB1D6 /* MeterTests.swift in Sources */ = {isa = PBXBuildFile; fileRef = 075C30561EB161A2008DB1D6 /* MeterTests.swift */; };
		075C30581EB161A2008DB1D6 /* MeterTests.swift in Sources */ = {isa = PBXBuildFile; fileRef = 075C30561EB161A2008DB1D6 /* MeterTests.swift */; };
		0771A5E11ED4ADA300733CFF /* BeatContext.swift in Sources */ = {isa = PBXBuildFile; fileRef = 0771A5E01ED4ADA300733CFF /* BeatContext.swift */; };
		0771A5E21ED4ADA300733CFF /* BeatContext.swift in Sources */ = {isa = PBXBuildFile; fileRef = 0771A5E01ED4ADA300733CFF /* BeatContext.swift */; };
		0771A5E71ED4B94E00733CFF /* Beats.swift in Sources */ = {isa = PBXBuildFile; fileRef = 0771A5E61ED4B94E00733CFF /* Beats.swift */; };
		0771A5E81ED4B94E00733CFF /* Beats.swift in Sources */ = {isa = PBXBuildFile; fileRef = 0771A5E61ED4B94E00733CFF /* Beats.swift */; };
		0771A5EA1ED4B99300733CFF /* Subdivision.swift in Sources */ = {isa = PBXBuildFile; fileRef = 0771A5E91ED4B99300733CFF /* Subdivision.swift */; };
		0771A5EB1ED4B99300733CFF /* Subdivision.swift in Sources */ = {isa = PBXBuildFile; fileRef = 0771A5E91ED4B99300733CFF /* Subdivision.swift */; };
		0771A6081ED4FE4000733CFF /* Tempo.Interpolation.swift in Sources */ = {isa = PBXBuildFile; fileRef = 0771A6071ED4FE4000733CFF /* Tempo.Interpolation.swift */; };
		0771A6091ED4FE4000733CFF /* Tempo.Interpolation.swift in Sources */ = {isa = PBXBuildFile; fileRef = 0771A6071ED4FE4000733CFF /* Tempo.Interpolation.swift */; };
		07731EDA1F06C2D400BDDCD6 /* EasingEvaluateTests.swift in Sources */ = {isa = PBXBuildFile; fileRef = 07731ED91F06C2D400BDDCD6 /* EasingEvaluateTests.swift */; };
		07731EDB1F06C2D400BDDCD6 /* EasingEvaluateTests.swift in Sources */ = {isa = PBXBuildFile; fileRef = 07731ED91F06C2D400BDDCD6 /* EasingEvaluateTests.swift */; };
		07731EDD1F06C2F800BDDCD6 /* EasingIntegrateTests.swift in Sources */ = {isa = PBXBuildFile; fileRef = 07731EDC1F06C2F800BDDCD6 /* EasingIntegrateTests.swift */; };
		07731EDE1F06C2F800BDDCD6 /* EasingIntegrateTests.swift in Sources */ = {isa = PBXBuildFile; fileRef = 07731EDC1F06C2F800BDDCD6 /* EasingIntegrateTests.swift */; };
		07731EE01F06C6E300BDDCD6 /* InterpolationTests.swift in Sources */ = {isa = PBXBuildFile; fileRef = 07731EDF1F06C6E300BDDCD6 /* InterpolationTests.swift */; };
		07731EE11F06C6E300BDDCD6 /* InterpolationTests.swift in Sources */ = {isa = PBXBuildFile; fileRef = 07731EDF1F06C6E300BDDCD6 /* InterpolationTests.swift */; };
		077554741E1B12A700CF4A8A /* MetricalDuration.swift in Sources */ = {isa = PBXBuildFile; fileRef = 077554731E1B12A700CF4A8A /* MetricalDuration.swift */; };
		077554751E1B12A700CF4A8A /* MetricalDuration.swift in Sources */ = {isa = PBXBuildFile; fileRef = 077554731E1B12A700CF4A8A /* MetricalDuration.swift */; };
		0775547A1E1B163600CF4A8A /* RhythmTree.swift in Sources */ = {isa = PBXBuildFile; fileRef = 077554791E1B163600CF4A8A /* RhythmTree.swift */; };
		0775547B1E1B163600CF4A8A /* RhythmTree.swift in Sources */ = {isa = PBXBuildFile; fileRef = 077554791E1B163600CF4A8A /* RhythmTree.swift */; };
		077554871E1B370C00CF4A8A /* RhythmTreeTests.swift in Sources */ = {isa = PBXBuildFile; fileRef = 077554861E1B370C00CF4A8A /* RhythmTreeTests.swift */; };
		077554881E1B370C00CF4A8A /* RhythmTreeTests.swift in Sources */ = {isa = PBXBuildFile; fileRef = 077554861E1B370C00CF4A8A /* RhythmTreeTests.swift */; };
		0775548B1E1B41CB00CF4A8A /* MetricalContext.swift in Sources */ = {isa = PBXBuildFile; fileRef = 0775548A1E1B41CB00CF4A8A /* MetricalContext.swift */; };
		0775548C1E1B41CB00CF4A8A /* MetricalContext.swift in Sources */ = {isa = PBXBuildFile; fileRef = 0775548A1E1B41CB00CF4A8A /* MetricalContext.swift */; };
		077E2EAA1F178CCB003D14FA /* MetricalDurationSpanning.swift in Sources */ = {isa = PBXBuildFile; fileRef = 077E2EA91F178CCB003D14FA /* MetricalDurationSpanning.swift */; };
		077E2EAB1F178CCB003D14FA /* MetricalDurationSpanning.swift in Sources */ = {isa = PBXBuildFile; fileRef = 077E2EA91F178CCB003D14FA /* MetricalDurationSpanning.swift */; };
		077E2EB01F17BABA003D14FA /* Spanning.swift in Sources */ = {isa = PBXBuildFile; fileRef = 077E2EAF1F17BABA003D14FA /* Spanning.swift */; };
		077E2EB11F17BABA003D14FA /* Spanning.swift in Sources */ = {isa = PBXBuildFile; fileRef = 077E2EAF1F17BABA003D14FA /* Spanning.swift */; };
		077E2EB31F17BAF9003D14FA /* MetricalDurationSpanningContainer.swift in Sources */ = {isa = PBXBuildFile; fileRef = 077E2EB21F17BAF9003D14FA /* MetricalDurationSpanningContainer.swift */; };
		077E2EB41F17BAF9003D14FA /* MetricalDurationSpanningContainer.swift in Sources */ = {isa = PBXBuildFile; fileRef = 077E2EB21F17BAF9003D14FA /* MetricalDurationSpanningContainer.swift */; };
		077E2EB61F17BCA2003D14FA /* MetricalDurationSpanningFragment.swift in Sources */ = {isa = PBXBuildFile; fileRef = 077E2EB51F17BCA2003D14FA /* MetricalDurationSpanningFragment.swift */; };
		077E2EB71F17BCA2003D14FA /* MetricalDurationSpanningFragment.swift in Sources */ = {isa = PBXBuildFile; fileRef = 077E2EB51F17BCA2003D14FA /* MetricalDurationSpanningFragment.swift */; };
		077E2EB91F17BD93003D14FA /* SpanningContainer.swift in Sources */ = {isa = PBXBuildFile; fileRef = 077E2EB81F17BD93003D14FA /* SpanningContainer.swift */; };
		077E2EBA1F17BD93003D14FA /* SpanningContainer.swift in Sources */ = {isa = PBXBuildFile; fileRef = 077E2EB81F17BD93003D14FA /* SpanningContainer.swift */; };
		077E2EC01F18CAC3003D14FA /* MetricalDurationSpanningContainerBuilder.swift in Sources */ = {isa = PBXBuildFile; fileRef = 077E2EBF1F18CAC3003D14FA /* MetricalDurationSpanningContainerBuilder.swift */; };
		077E2EC11F18CAC3003D14FA /* MetricalDurationSpanningContainerBuilder.swift in Sources */ = {isa = PBXBuildFile; fileRef = 077E2EBF1F18CAC3003D14FA /* MetricalDurationSpanningContainerBuilder.swift */; };
		07A846CA1EDB7DDF0038757A /* Meter.Context.swift in Sources */ = {isa = PBXBuildFile; fileRef = 07A846C91EDB7DDF0038757A /* Meter.Context.swift */; };
		07A846CB1EDB7DDF0038757A /* Meter.Context.swift in Sources */ = {isa = PBXBuildFile; fileRef = 07A846C91EDB7DDF0038757A /* Meter.Context.swift */; };
		07B701C51EDA204500C946AD /* Tempo.Context.swift in Sources */ = {isa = PBXBuildFile; fileRef = 07B701C41EDA204500C946AD /* Tempo.Context.swift */; };
		07B701C61EDA204500C946AD /* Tempo.Context.swift in Sources */ = {isa = PBXBuildFile; fileRef = 07B701C41EDA204500C946AD /* Tempo.Context.swift */; };
		07BC8B221E4E599400605430 /* MetricalDurationTreeTests.swift in Sources */ = {isa = PBXBuildFile; fileRef = 07BC8B211E4E599400605430 /* MetricalDurationTreeTests.swift */; };
		07BC8B231E4E599400605430 /* MetricalDurationTreeTests.swift in Sources */ = {isa = PBXBuildFile; fileRef = 07BC8B211E4E599400605430 /* MetricalDurationTreeTests.swift */; };
		07C265871F165EAA0058AD73 /* Meter.Fragment.swift in Sources */ = {isa = PBXBuildFile; fileRef = 07C265861F165EAA0058AD73 /* Meter.Fragment.swift */; };
		07C265881F165EAA0058AD73 /* Meter.Fragment.swift in Sources */ = {isa = PBXBuildFile; fileRef = 07C265861F165EAA0058AD73 /* Meter.Fragment.swift */; };
		07C2658A1F16608F0058AD73 /* Meter.Collection.swift in Sources */ = {isa = PBXBuildFile; fileRef = 07C265891F16608F0058AD73 /* Meter.Collection.swift */; };
		07C2658B1F16608F0058AD73 /* Meter.Collection.swift in Sources */ = {isa = PBXBuildFile; fileRef = 07C265891F16608F0058AD73 /* Meter.Collection.swift */; };
		07C265901F1664A90058AD73 /* Tempo.Interpolation.Fragment.swift in Sources */ = {isa = PBXBuildFile; fileRef = 07C2658F1F1664A90058AD73 /* Tempo.Interpolation.Fragment.swift */; };
		07C265911F1664A90058AD73 /* Tempo.Interpolation.Fragment.swift in Sources */ = {isa = PBXBuildFile; fileRef = 07C2658F1F1664A90058AD73 /* Tempo.Interpolation.Fragment.swift */; };
		07C265961F1669250058AD73 /* Fragment.swift in Sources */ = {isa = PBXBuildFile; fileRef = 07C265951F1669250058AD73 /* Fragment.swift */; };
		07C265971F1669250058AD73 /* Fragment.swift in Sources */ = {isa = PBXBuildFile; fileRef = 07C265951F1669250058AD73 /* Fragment.swift */; };
		07C2659C1F166E0E0058AD73 /* Tempo.Interpolation.Collection.Builder.swift in Sources */ = {isa = PBXBuildFile; fileRef = 07C2659B1F166E0E0058AD73 /* Tempo.Interpolation.Collection.Builder.swift */; };
		07C2659D1F166E0E0058AD73 /* Tempo.Interpolation.Collection.Builder.swift in Sources */ = {isa = PBXBuildFile; fileRef = 07C2659B1F166E0E0058AD73 /* Tempo.Interpolation.Collection.Builder.swift */; };
		07C2659F1F166FA70058AD73 /* SpanningContainerBuilder.swift in Sources */ = {isa = PBXBuildFile; fileRef = 07C2659E1F166FA70058AD73 /* SpanningContainerBuilder.swift */; };
		07C265A01F166FA70058AD73 /* SpanningContainerBuilder.swift in Sources */ = {isa = PBXBuildFile; fileRef = 07C2659E1F166FA70058AD73 /* SpanningContainerBuilder.swift */; };
		07C265A21F167C000058AD73 /* Meter.Collection.Builder.swift in Sources */ = {isa = PBXBuildFile; fileRef = 07C265A11F167C000058AD73 /* Meter.Collection.Builder.swift */; };
		07C265A31F167C000058AD73 /* Meter.Collection.Builder.swift in Sources */ = {isa = PBXBuildFile; fileRef = 07C265A11F167C000058AD73 /* Meter.Collection.Builder.swift */; };
		07C265A51F16C40C0058AD73 /* MeterCollectionTests.swift in Sources */ = {isa = PBXBuildFile; fileRef = 07C265A41F16C40C0058AD73 /* MeterCollectionTests.swift */; };
		07C265A61F16C40C0058AD73 /* MeterCollectionTests.swift in Sources */ = {isa = PBXBuildFile; fileRef = 07C265A41F16C40C0058AD73 /* MeterCollectionTests.swift */; };
		099E4B30023B20560A916296 /* Rhythm.h in Headers */ = {isa = PBXBuildFile; fileRef = 958460755AA3BA157F8A2C64 /* Rhythm.h */; settings = {ATTRIBUTES = (Public, ); }; };
		0BD40A8F291B307CAC734EAB /* Cocoa.framework in Frameworks */ = {isa = PBXBuildFile; fileRef = 866599FF1C901214B2310164 /* Cocoa.framework */; };
		9EADF804BC73FCC4A2700E36 /* Cocoa.framework in Frameworks */ = {isa = PBXBuildFile; fileRef = 866599FF1C901214B2310164 /* Cocoa.framework */; };
		B9DD5E2F03C34B3A482DC660 /* Foundation.framework in Frameworks */ = {isa = PBXBuildFile; fileRef = 440D58FF94D68D665C14BF01 /* Foundation.framework */; };
		C7958FC476733C5F629085BF /* Rhythm.h in Headers */ = {isa = PBXBuildFile; fileRef = 958460755AA3BA157F8A2C64 /* Rhythm.h */; settings = {ATTRIBUTES = (Public, ); }; };
		EE7878D1251C75F547A1B0E8 /* Foundation.framework in Frameworks */ = {isa = PBXBuildFile; fileRef = 440D58FF94D68D665C14BF01 /* Foundation.framework */; };
/* End PBXBuildFile section */

/* Begin PBXContainerItemProxy section */
		DECE3D4FAEF4BD2A32A9E80F /* PBXContainerItemProxy */ = {
			isa = PBXContainerItemProxy;
			containerPortal = 0C54FFDB338FC194332A4FFD /* Project object */;
			proxyType = 1;
			remoteGlobalIDString = C71D451456D5E3D35993189B;
			remoteInfo = "Rhythm iOS";
		};
		F5C5A1C5A1F30DFE564ABF02 /* PBXContainerItemProxy */ = {
			isa = PBXContainerItemProxy;
			containerPortal = 0C54FFDB338FC194332A4FFD /* Project object */;
			proxyType = 1;
			remoteGlobalIDString = 7EF7B0C01CC0815146897070;
			remoteInfo = "Rhythm macOS";
		};
/* End PBXContainerItemProxy section */

/* Begin PBXCopyFilesBuildPhase section */
		0708C2F21E429F9D00098684 /* CopyFiles */ = {
			isa = PBXCopyFilesBuildPhase;
			buildActionMask = 2147483647;
			dstPath = "";
			dstSubfolderSpec = 7;
			files = (
				0708C2F91E429FBF00098684 /* Rhythm.framework in CopyFiles */,
				0708C2F61E429FBB00098684 /* ArithmeticTools.framework in CopyFiles */,
				0708C2F71E429FBB00098684 /* Collections.framework in CopyFiles */,
			);
			runOnlyForDeploymentPostprocessing = 0;
		};
		0708C3041E42A1D700098684 /* CopyFiles */ = {
			isa = PBXCopyFilesBuildPhase;
			buildActionMask = 2147483647;
			dstPath = "";
			dstSubfolderSpec = 7;
			files = (
				0708C3081E42A1DE00098684 /* Rhythm.framework in CopyFiles */,
				0708C3051E42A1DC00098684 /* ArithmeticTools.framework in CopyFiles */,
				0708C3061E42A1DC00098684 /* Collections.framework in CopyFiles */,
			);
			runOnlyForDeploymentPostprocessing = 0;
		};
/* End PBXCopyFilesBuildPhase section */

/* Begin PBXFileReference section */
		0708C2F31E429FBB00098684 /* ArithmeticTools.framework */ = {isa = PBXFileReference; lastKnownFileType = wrapper.framework; name = ArithmeticTools.framework; path = Carthage/Build/iOS/ArithmeticTools.framework; sourceTree = "<group>"; };
		0708C2F41E429FBB00098684 /* Collections.framework */ = {isa = PBXFileReference; lastKnownFileType = wrapper.framework; name = Collections.framework; path = Carthage/Build/iOS/Collections.framework; sourceTree = "<group>"; };
		0708C2FE1E42A06900098684 /* ArithmeticTools.framework */ = {isa = PBXFileReference; lastKnownFileType = wrapper.framework; name = ArithmeticTools.framework; path = Carthage/Build/Mac/ArithmeticTools.framework; sourceTree = "<group>"; };
		0708C2FF1E42A06900098684 /* Collections.framework */ = {isa = PBXFileReference; lastKnownFileType = wrapper.framework; name = Collections.framework; path = Carthage/Build/Mac/Collections.framework; sourceTree = "<group>"; };
		072CBDA61E4AB2CF00B5001B /* MetricalDurationTree.swift */ = {isa = PBXFileReference; fileEncoding = 4; lastKnownFileType = sourcecode.swift; name = MetricalDurationTree.swift; path = Rhythm/MetricalDurationTree.swift; sourceTree = "<group>"; };
		073EC7231E3D2A7F00B63692 /* MetricalDurationTests.swift */ = {isa = PBXFileReference; fileEncoding = 4; lastKnownFileType = sourcecode.swift; name = MetricalDurationTests.swift; path = RhythmTests/MetricalDurationTests.swift; sourceTree = "<group>"; };
		074309791E4419CB002B88A1 /* ProportionTree.swift */ = {isa = PBXFileReference; fileEncoding = 4; lastKnownFileType = sourcecode.swift; name = ProportionTree.swift; path = Rhythm/ProportionTree.swift; sourceTree = "<group>"; };
		0743097C1E441A23002B88A1 /* ProportionTreeTests.swift */ = {isa = PBXFileReference; fileEncoding = 4; lastKnownFileType = sourcecode.swift; name = ProportionTreeTests.swift; path = RhythmTests/ProportionTreeTests.swift; sourceTree = "<group>"; };
		0757B9321F155038004247D9 /* Tempo.Interpolation.Easing.swift */ = {isa = PBXFileReference; fileEncoding = 4; lastKnownFileType = sourcecode.swift; name = Tempo.Interpolation.Easing.swift; path = Rhythm/Tempo.Interpolation.Easing.swift; sourceTree = "<group>"; };
		0757B9381F15523E004247D9 /* Tempo.Interpolation.Collection.swift */ = {isa = PBXFileReference; fileEncoding = 4; lastKnownFileType = sourcecode.swift; name = Tempo.Interpolation.Collection.swift; path = Rhythm/Tempo.Interpolation.Collection.swift; sourceTree = "<group>"; };
		075C304A1EB15E9F008DB1D6 /* Tempo.swift */ = {isa = PBXFileReference; fileEncoding = 4; lastKnownFileType = sourcecode.swift; name = Tempo.swift; path = Rhythm/Tempo.swift; sourceTree = "<group>"; };
		075C304D1EB15EB0008DB1D6 /* Meter.swift */ = {isa = PBXFileReference; fileEncoding = 4; lastKnownFileType = sourcecode.swift; name = Meter.swift; path = Rhythm/Meter.swift; sourceTree = "<group>"; };
		075C30531EB1618D008DB1D6 /* TempoTests.swift */ = {isa = PBXFileReference; fileEncoding = 4; lastKnownFileType = sourcecode.swift; name = TempoTests.swift; path = RhythmTests/TempoTests.swift; sourceTree = "<group>"; };
		075C30561EB161A2008DB1D6 /* MeterTests.swift */ = {isa = PBXFileReference; fileEncoding = 4; lastKnownFileType = sourcecode.swift; name = MeterTests.swift; path = RhythmTests/MeterTests.swift; sourceTree = "<group>"; };
		0771A5E01ED4ADA300733CFF /* BeatContext.swift */ = {isa = PBXFileReference; fileEncoding = 4; lastKnownFileType = sourcecode.swift; name = BeatContext.swift; path = Rhythm/BeatContext.swift; sourceTree = "<group>"; };
		0771A5E61ED4B94E00733CFF /* Beats.swift */ = {isa = PBXFileReference; fileEncoding = 4; lastKnownFileType = sourcecode.swift; name = Beats.swift; path = Rhythm/Beats.swift; sourceTree = "<group>"; };
		0771A5E91ED4B99300733CFF /* Subdivision.swift */ = {isa = PBXFileReference; fileEncoding = 4; lastKnownFileType = sourcecode.swift; name = Subdivision.swift; path = Rhythm/Subdivision.swift; sourceTree = "<group>"; };
		0771A6071ED4FE4000733CFF /* Tempo.Interpolation.swift */ = {isa = PBXFileReference; fileEncoding = 4; lastKnownFileType = sourcecode.swift; name = Tempo.Interpolation.swift; path = Rhythm/Tempo.Interpolation.swift; sourceTree = "<group>"; };
		07731ED91F06C2D400BDDCD6 /* EasingEvaluateTests.swift */ = {isa = PBXFileReference; fileEncoding = 4; lastKnownFileType = sourcecode.swift; name = EasingEvaluateTests.swift; path = RhythmTests/EasingEvaluateTests.swift; sourceTree = "<group>"; };
		07731EDC1F06C2F800BDDCD6 /* EasingIntegrateTests.swift */ = {isa = PBXFileReference; fileEncoding = 4; lastKnownFileType = sourcecode.swift; name = EasingIntegrateTests.swift; path = RhythmTests/EasingIntegrateTests.swift; sourceTree = "<group>"; };
		07731EDF1F06C6E300BDDCD6 /* InterpolationTests.swift */ = {isa = PBXFileReference; fileEncoding = 4; lastKnownFileType = sourcecode.swift; name = InterpolationTests.swift; path = RhythmTests/InterpolationTests.swift; sourceTree = "<group>"; };
		077554731E1B12A700CF4A8A /* MetricalDuration.swift */ = {isa = PBXFileReference; fileEncoding = 4; lastKnownFileType = sourcecode.swift; name = MetricalDuration.swift; path = Rhythm/MetricalDuration.swift; sourceTree = "<group>"; };
		077554791E1B163600CF4A8A /* RhythmTree.swift */ = {isa = PBXFileReference; fileEncoding = 4; lastKnownFileType = sourcecode.swift; name = RhythmTree.swift; path = Rhythm/RhythmTree.swift; sourceTree = "<group>"; };
		077554861E1B370C00CF4A8A /* RhythmTreeTests.swift */ = {isa = PBXFileReference; fileEncoding = 4; lastKnownFileType = sourcecode.swift; name = RhythmTreeTests.swift; path = RhythmTests/RhythmTreeTests.swift; sourceTree = "<group>"; };
		0775548A1E1B41CB00CF4A8A /* MetricalContext.swift */ = {isa = PBXFileReference; fileEncoding = 4; lastKnownFileType = sourcecode.swift; name = MetricalContext.swift; path = Rhythm/MetricalContext.swift; sourceTree = "<group>"; };
		077E2EA91F178CCB003D14FA /* MetricalDurationSpanning.swift */ = {isa = PBXFileReference; fileEncoding = 4; lastKnownFileType = sourcecode.swift; name = MetricalDurationSpanning.swift; path = Rhythm/MetricalDurationSpanning.swift; sourceTree = "<group>"; };
		077E2EAF1F17BABA003D14FA /* Spanning.swift */ = {isa = PBXFileReference; fileEncoding = 4; lastKnownFileType = sourcecode.swift; name = Spanning.swift; path = Rhythm/Spanning.swift; sourceTree = "<group>"; };
		077E2EB21F17BAF9003D14FA /* MetricalDurationSpanningContainer.swift */ = {isa = PBXFileReference; fileEncoding = 4; lastKnownFileType = sourcecode.swift; name = MetricalDurationSpanningContainer.swift; path = Rhythm/MetricalDurationSpanningContainer.swift; sourceTree = "<group>"; };
		077E2EB51F17BCA2003D14FA /* MetricalDurationSpanningFragment.swift */ = {isa = PBXFileReference; fileEncoding = 4; lastKnownFileType = sourcecode.swift; name = MetricalDurationSpanningFragment.swift; path = Rhythm/MetricalDurationSpanningFragment.swift; sourceTree = "<group>"; };
		077E2EB81F17BD93003D14FA /* SpanningContainer.swift */ = {isa = PBXFileReference; fileEncoding = 4; lastKnownFileType = sourcecode.swift; name = SpanningContainer.swift; path = Rhythm/SpanningContainer.swift; sourceTree = "<group>"; };
		077E2EBF1F18CAC3003D14FA /* MetricalDurationSpanningContainerBuilder.swift */ = {isa = PBXFileReference; fileEncoding = 4; lastKnownFileType = sourcecode.swift; name = MetricalDurationSpanningContainerBuilder.swift; path = Rhythm/MetricalDurationSpanningContainerBuilder.swift; sourceTree = "<group>"; };
		07A846C91EDB7DDF0038757A /* Meter.Context.swift */ = {isa = PBXFileReference; fileEncoding = 4; lastKnownFileType = sourcecode.swift; name = Meter.Context.swift; path = Rhythm/Meter.Context.swift; sourceTree = "<group>"; };
		07B701C41EDA204500C946AD /* Tempo.Context.swift */ = {isa = PBXFileReference; fileEncoding = 4; lastKnownFileType = sourcecode.swift; name = Tempo.Context.swift; path = Rhythm/Tempo.Context.swift; sourceTree = "<group>"; };
		07BC8B211E4E599400605430 /* MetricalDurationTreeTests.swift */ = {isa = PBXFileReference; fileEncoding = 4; lastKnownFileType = sourcecode.swift; name = MetricalDurationTreeTests.swift; path = RhythmTests/MetricalDurationTreeTests.swift; sourceTree = "<group>"; };
		07C265861F165EAA0058AD73 /* Meter.Fragment.swift */ = {isa = PBXFileReference; fileEncoding = 4; lastKnownFileType = sourcecode.swift; name = Meter.Fragment.swift; path = Rhythm/Meter.Fragment.swift; sourceTree = "<group>"; };
		07C265891F16608F0058AD73 /* Meter.Collection.swift */ = {isa = PBXFileReference; fileEncoding = 4; lastKnownFileType = sourcecode.swift; name = Meter.Collection.swift; path = Rhythm/Meter.Collection.swift; sourceTree = "<group>"; };
		07C2658F1F1664A90058AD73 /* Tempo.Interpolation.Fragment.swift */ = {isa = PBXFileReference; fileEncoding = 4; lastKnownFileType = sourcecode.swift; name = Tempo.Interpolation.Fragment.swift; path = Rhythm/Tempo.Interpolation.Fragment.swift; sourceTree = "<group>"; };
		07C265951F1669250058AD73 /* Fragment.swift */ = {isa = PBXFileReference; fileEncoding = 4; lastKnownFileType = sourcecode.swift; name = Fragment.swift; path = Rhythm/Fragment.swift; sourceTree = "<group>"; };
		07C2659B1F166E0E0058AD73 /* Tempo.Interpolation.Collection.Builder.swift */ = {isa = PBXFileReference; fileEncoding = 4; lastKnownFileType = sourcecode.swift; name = Tempo.Interpolation.Collection.Builder.swift; path = Rhythm/Tempo.Interpolation.Collection.Builder.swift; sourceTree = "<group>"; };
		07C2659E1F166FA70058AD73 /* SpanningContainerBuilder.swift */ = {isa = PBXFileReference; fileEncoding = 4; lastKnownFileType = sourcecode.swift; name = SpanningContainerBuilder.swift; path = Rhythm/SpanningContainerBuilder.swift; sourceTree = "<group>"; };
		07C265A11F167C000058AD73 /* Meter.Collection.Builder.swift */ = {isa = PBXFileReference; fileEncoding = 4; lastKnownFileType = sourcecode.swift; name = Meter.Collection.Builder.swift; path = Rhythm/Meter.Collection.Builder.swift; sourceTree = "<group>"; };
		07C265A41F16C40C0058AD73 /* MeterCollectionTests.swift */ = {isa = PBXFileReference; fileEncoding = 4; lastKnownFileType = sourcecode.swift; name = MeterCollectionTests.swift; path = RhythmTests/MeterCollectionTests.swift; sourceTree = "<group>"; };
		1FBAF7D0355BC0D7DFCF5D1C /* Rhythm macOS Tests.xctest */ = {isa = PBXFileReference; explicitFileType = wrapper.cfbundle; includeInIndex = 0; path = "Rhythm macOS Tests.xctest"; sourceTree = BUILT_PRODUCTS_DIR; };
		1FEAA7E4F355EF07BA1E0256 /* Rhythm iOS Tests.xctest */ = {isa = PBXFileReference; explicitFileType = wrapper.cfbundle; includeInIndex = 0; path = "Rhythm iOS Tests.xctest"; sourceTree = BUILT_PRODUCTS_DIR; };
		35C8F3A68AE9F3053FAD5640 /* Rhythm.framework */ = {isa = PBXFileReference; explicitFileType = wrapper.framework; includeInIndex = 0; path = Rhythm.framework; sourceTree = BUILT_PRODUCTS_DIR; };
		440D58FF94D68D665C14BF01 /* Foundation.framework */ = {isa = PBXFileReference; lastKnownFileType = wrapper.framework; name = Foundation.framework; path = Platforms/iPhoneOS.platform/Developer/SDKs/iPhoneOS10.0.sdk/System/Library/Frameworks/Foundation.framework; sourceTree = DEVELOPER_DIR; };
		4816E5E4EE43ABE036DA477E /* Rhythm.framework */ = {isa = PBXFileReference; explicitFileType = wrapper.framework; includeInIndex = 0; path = Rhythm.framework; sourceTree = BUILT_PRODUCTS_DIR; };
		840AEDEC877EEF60D4CBCEB9 /* Info.plist */ = {isa = PBXFileReference; includeInIndex = 1; lastKnownFileType = text.plist.xml; name = Info.plist; path = Rhythm/Info.plist; sourceTree = "<group>"; };
		866599FF1C901214B2310164 /* Cocoa.framework */ = {isa = PBXFileReference; lastKnownFileType = wrapper.framework; name = Cocoa.framework; path = Platforms/MacOSX.platform/Developer/SDKs/MacOSX10.12.sdk/System/Library/Frameworks/Cocoa.framework; sourceTree = DEVELOPER_DIR; };
		958460755AA3BA157F8A2C64 /* Rhythm.h */ = {isa = PBXFileReference; includeInIndex = 1; lastKnownFileType = sourcecode.c.h; name = Rhythm.h; path = Rhythm/Rhythm.h; sourceTree = "<group>"; };
		DD98AFD812F9D009110040E3 /* Info.plist */ = {isa = PBXFileReference; includeInIndex = 1; lastKnownFileType = text.plist.xml; name = Info.plist; path = RhythmTests/Info.plist; sourceTree = "<group>"; };
/* End PBXFileReference section */

/* Begin PBXFrameworksBuildPhase section */
		012259655719E3A164B3049C /* Frameworks */ = {
			isa = PBXFrameworksBuildPhase;
			buildActionMask = 2147483647;
			files = (
				B9DD5E2F03C34B3A482DC660 /* Foundation.framework in Frameworks */,
				0708C2FD1E42A04F00098684 /* Rhythm.framework in Frameworks */,
				0708C2FA1E42A04900098684 /* ArithmeticTools.framework in Frameworks */,
				0708C2FB1E42A04900098684 /* Collections.framework in Frameworks */,
			);
			runOnlyForDeploymentPostprocessing = 0;
		};
		037F8DF3CA0FCE2DE1778C21 /* Frameworks */ = {
			isa = PBXFrameworksBuildPhase;
			buildActionMask = 2147483647;
			files = (
				EE7878D1251C75F547A1B0E8 /* Foundation.framework in Frameworks */,
			);
			runOnlyForDeploymentPostprocessing = 0;
		};
		425B23C3A15B25D9DDBA85B6 /* Frameworks */ = {
			isa = PBXFrameworksBuildPhase;
			buildActionMask = 2147483647;
			files = (
				0BD40A8F291B307CAC734EAB /* Cocoa.framework in Frameworks */,
				0708C3011E42A06900098684 /* ArithmeticTools.framework in Frameworks */,
				0708C3021E42A06900098684 /* Collections.framework in Frameworks */,
				0708C3091E42A25600098684 /* Rhythm.framework in Frameworks */,
			);
			runOnlyForDeploymentPostprocessing = 0;
		};
		697684791F5F0069379B5E26 /* Frameworks */ = {
			isa = PBXFrameworksBuildPhase;
			buildActionMask = 2147483647;
			files = (
				9EADF804BC73FCC4A2700E36 /* Cocoa.framework in Frameworks */,
			);
			runOnlyForDeploymentPostprocessing = 0;
		};
/* End PBXFrameworksBuildPhase section */

/* Begin PBXGroup section */
		0771A6051ED4FDAA00733CFF /* Tempo */ = {
			isa = PBXGroup;
			children = (
				0771A6071ED4FE4000733CFF /* Tempo.Interpolation.swift */,
				0757B9321F155038004247D9 /* Tempo.Interpolation.Easing.swift */,
				07C2658F1F1664A90058AD73 /* Tempo.Interpolation.Fragment.swift */,
				075C304A1EB15E9F008DB1D6 /* Tempo.swift */,
				0757B9381F15523E004247D9 /* Tempo.Interpolation.Collection.swift */,
				07C2659B1F166E0E0058AD73 /* Tempo.Interpolation.Collection.Builder.swift */,
				07B701C41EDA204500C946AD /* Tempo.Context.swift */,
			);
			name = Tempo;
			sourceTree = "<group>";
		};
		0771A6061ED4FDB800733CFF /* MetricalDuration */ = {
			isa = PBXGroup;
			children = (
				0771A5E61ED4B94E00733CFF /* Beats.swift */,
				0771A5E91ED4B99300733CFF /* Subdivision.swift */,
				077554731E1B12A700CF4A8A /* MetricalDuration.swift */,
				077E2EA91F178CCB003D14FA /* MetricalDurationSpanning.swift */,
				077E2EB51F17BCA2003D14FA /* MetricalDurationSpanningFragment.swift */,
				077E2EB21F17BAF9003D14FA /* MetricalDurationSpanningContainer.swift */,
				077E2EBF1F18CAC3003D14FA /* MetricalDurationSpanningContainerBuilder.swift */,
			);
			name = MetricalDuration;
			sourceTree = "<group>";
		};
		0771A6101ED501B000733CFF /* Meter */ = {
			isa = PBXGroup;
			children = (
				075C304D1EB15EB0008DB1D6 /* Meter.swift */,
				07C265861F165EAA0058AD73 /* Meter.Fragment.swift */,
				07C265891F16608F0058AD73 /* Meter.Collection.swift */,
				07C265A11F167C000058AD73 /* Meter.Collection.Builder.swift */,
				07A846C91EDB7DDF0038757A /* Meter.Context.swift */,
				0771A5E01ED4ADA300733CFF /* BeatContext.swift */,
			);
			name = Meter;
			sourceTree = "<group>";
		};
		077554891E1B41B700CF4A8A /* RhythmTree */ = {
			isa = PBXGroup;
			children = (
				077554791E1B163600CF4A8A /* RhythmTree.swift */,
				072CBDA61E4AB2CF00B5001B /* MetricalDurationTree.swift */,
				074309791E4419CB002B88A1 /* ProportionTree.swift */,
				0775548A1E1B41CB00CF4A8A /* MetricalContext.swift */,
			);
			name = RhythmTree;
			sourceTree = "<group>";
		};
		077E2EBB1F17BE43003D14FA /* Spanning */ = {
			isa = PBXGroup;
			children = (
				077E2EAF1F17BABA003D14FA /* Spanning.swift */,
				07C265951F1669250058AD73 /* Fragment.swift */,
				077E2EB81F17BD93003D14FA /* SpanningContainer.swift */,
				07C2659E1F166FA70058AD73 /* SpanningContainerBuilder.swift */,
			);
			name = Spanning;
			sourceTree = "<group>";
		};
		0C2F3BB7816215EB53BF9C87 /* Products */ = {
			isa = PBXGroup;
			children = (
				4816E5E4EE43ABE036DA477E /* Rhythm.framework */,
				1FEAA7E4F355EF07BA1E0256 /* Rhythm iOS Tests.xctest */,
				35C8F3A68AE9F3053FAD5640 /* Rhythm.framework */,
				1FBAF7D0355BC0D7DFCF5D1C /* Rhythm macOS Tests.xctest */,
			);
			name = Products;
			sourceTree = "<group>";
		};
		1F79C94A9A2A0C653DF1A308 /* iOS */ = {
			isa = PBXGroup;
			children = (
				0708C2F31E429FBB00098684 /* ArithmeticTools.framework */,
				0708C2F41E429FBB00098684 /* Collections.framework */,
				440D58FF94D68D665C14BF01 /* Foundation.framework */,
			);
			name = iOS;
			sourceTree = "<group>";
		};
		283798028177368FC4F2756E /* Supporting Files */ = {
			isa = PBXGroup;
			children = (
				DD98AFD812F9D009110040E3 /* Info.plist */,
			);
			name = "Supporting Files";
			sourceTree = "<group>";
		};
		2A20CC2BA48EEA5832DD3C55 = {
			isa = PBXGroup;
			children = (
				0C2F3BB7816215EB53BF9C87 /* Products */,
				E2DC53D615610873A66D3AE0 /* Frameworks */,
				951A80563DF32A0F2F6A5C50 /* Rhythm */,
				89281CA1B395412BA9C28BAC /* RhythmTests */,
				958460755AA3BA157F8A2C64 /* Rhythm.h */,
			);
			sourceTree = "<group>";
		};
		825F35607C284149FAAA3A72 /* Supporting Files */ = {
			isa = PBXGroup;
			children = (
				840AEDEC877EEF60D4CBCEB9 /* Info.plist */,
			);
			name = "Supporting Files";
			sourceTree = "<group>";
		};
		89281CA1B395412BA9C28BAC /* RhythmTests */ = {
			isa = PBXGroup;
			children = (
				283798028177368FC4F2756E /* Supporting Files */,
				077554861E1B370C00CF4A8A /* RhythmTreeTests.swift */,
				07C265A41F16C40C0058AD73 /* MeterCollectionTests.swift */,
				07BC8B211E4E599400605430 /* MetricalDurationTreeTests.swift */,
				0743097C1E441A23002B88A1 /* ProportionTreeTests.swift */,
				073EC7231E3D2A7F00B63692 /* MetricalDurationTests.swift */,
				075C30531EB1618D008DB1D6 /* TempoTests.swift */,
				075C30561EB161A2008DB1D6 /* MeterTests.swift */,
				07731ED91F06C2D400BDDCD6 /* EasingEvaluateTests.swift */,
				07731EDC1F06C2F800BDDCD6 /* EasingIntegrateTests.swift */,
				07731EDF1F06C6E300BDDCD6 /* InterpolationTests.swift */,
			);
			name = RhythmTests;
			sourceTree = "<group>";
		};
		951A80563DF32A0F2F6A5C50 /* Rhythm */ = {
			isa = PBXGroup;
			children = (
				825F35607C284149FAAA3A72 /* Supporting Files */,
				0771A6061ED4FDB800733CFF /* MetricalDuration */,
				0771A6051ED4FDAA00733CFF /* Tempo */,
				0771A6101ED501B000733CFF /* Meter */,
				077554891E1B41B700CF4A8A /* RhythmTree */,
				077E2EBB1F17BE43003D14FA /* Spanning */,
			);
			name = Rhythm;
			sourceTree = "<group>";
		};
		B2E4F8ACCB967228B9DC0010 /* OS X */ = {
			isa = PBXGroup;
			children = (
				0708C2FE1E42A06900098684 /* ArithmeticTools.framework */,
				0708C2FF1E42A06900098684 /* Collections.framework */,
				866599FF1C901214B2310164 /* Cocoa.framework */,
			);
			name = "OS X";
			sourceTree = "<group>";
		};
		E2DC53D615610873A66D3AE0 /* Frameworks */ = {
			isa = PBXGroup;
			children = (
				1F79C94A9A2A0C653DF1A308 /* iOS */,
				B2E4F8ACCB967228B9DC0010 /* OS X */,
			);
			name = Frameworks;
			sourceTree = "<group>";
		};
/* End PBXGroup section */

/* Begin PBXHeadersBuildPhase section */
		128E31124CC56D06C3B97CDD /* Headers */ = {
			isa = PBXHeadersBuildPhase;
			buildActionMask = 2147483647;
			files = (
				C7958FC476733C5F629085BF /* Rhythm.h in Headers */,
			);
			runOnlyForDeploymentPostprocessing = 0;
		};
		C4E5725F020430AD6052026C /* Headers */ = {
			isa = PBXHeadersBuildPhase;
			buildActionMask = 2147483647;
			files = (
				099E4B30023B20560A916296 /* Rhythm.h in Headers */,
			);
			runOnlyForDeploymentPostprocessing = 0;
		};
/* End PBXHeadersBuildPhase section */

/* Begin PBXNativeTarget section */
		68B1321764C937D9BB0F73B0 /* Rhythm macOS Tests */ = {
			isa = PBXNativeTarget;
			buildConfigurationList = 71A562C48AC0F48C2BD6D45B /* Build configuration list for PBXNativeTarget "Rhythm macOS Tests" */;
			buildPhases = (
				97103780CBF2792481211C52 /* ShellScript */,
				0CBE76DEDA9EE61A028BAA49 /* Sources */,
				425B23C3A15B25D9DDBA85B6 /* Frameworks */,
				0708C3041E42A1D700098684 /* CopyFiles */,
			);
			buildRules = (
			);
			dependencies = (
				8A4F92A476AE751A3F40610A /* PBXTargetDependency */,
			);
			name = "Rhythm macOS Tests";
			productName = "Rhythm macOS Tests";
			productReference = 1FBAF7D0355BC0D7DFCF5D1C /* Rhythm macOS Tests.xctest */;
			productType = "com.apple.product-type.bundle.unit-test";
		};
		7EF7B0C01CC0815146897070 /* Rhythm macOS */ = {
			isa = PBXNativeTarget;
			buildConfigurationList = F4DAD03BA51D824496B5546A /* Build configuration list for PBXNativeTarget "Rhythm macOS" */;
			buildPhases = (
				2081DE31896031221F3D8F2A /* Sources */,
				697684791F5F0069379B5E26 /* Frameworks */,
				C4E5725F020430AD6052026C /* Headers */,
			);
			buildRules = (
			);
			dependencies = (
			);
			name = "Rhythm macOS";
			productName = "Rhythm macOS";
			productReference = 35C8F3A68AE9F3053FAD5640 /* Rhythm.framework */;
			productType = "com.apple.product-type.framework";
		};
		7F7654363AEF32DECBCAE8D6 /* Rhythm iOS Tests */ = {
			isa = PBXNativeTarget;
			buildConfigurationList = A8C8ECD2F810D29340610185 /* Build configuration list for PBXNativeTarget "Rhythm iOS Tests" */;
			buildPhases = (
				8A821272CBD25E9F50C1B459 /* Sources */,
				012259655719E3A164B3049C /* Frameworks */,
				0708C2F21E429F9D00098684 /* CopyFiles */,
				039816C25DB8229C97D2D1F3 /* ShellScript */,
			);
			buildRules = (
			);
			dependencies = (
				BB0A7A650D77291A2BD09961 /* PBXTargetDependency */,
			);
			name = "Rhythm iOS Tests";
			productName = "Rhythm iOS Tests";
			productReference = 1FEAA7E4F355EF07BA1E0256 /* Rhythm iOS Tests.xctest */;
			productType = "com.apple.product-type.bundle.unit-test";
		};
		C71D451456D5E3D35993189B /* Rhythm iOS */ = {
			isa = PBXNativeTarget;
			buildConfigurationList = 98A892E70D50CF79F1D02477 /* Build configuration list for PBXNativeTarget "Rhythm iOS" */;
			buildPhases = (
				98165B960941EB225DB7DD47 /* Sources */,
				037F8DF3CA0FCE2DE1778C21 /* Frameworks */,
				128E31124CC56D06C3B97CDD /* Headers */,
			);
			buildRules = (
			);
			dependencies = (
			);
			name = "Rhythm iOS";
			productName = "Rhythm iOS";
			productReference = 4816E5E4EE43ABE036DA477E /* Rhythm.framework */;
			productType = "com.apple.product-type.framework";
		};
/* End PBXNativeTarget section */

/* Begin PBXProject section */
		0C54FFDB338FC194332A4FFD /* Project object */ = {
			isa = PBXProject;
			attributes = {
				LastSwiftUpdateCheck = 0730;
				LastUpgradeCheck = 0820;
				TargetAttributes = {
					68B1321764C937D9BB0F73B0 = {
						LastSwiftMigration = 0820;
					};
					7EF7B0C01CC0815146897070 = {
						LastSwiftMigration = 0820;
					};
					7F7654363AEF32DECBCAE8D6 = {
						LastSwiftMigration = 0820;
					};
					C71D451456D5E3D35993189B = {
						LastSwiftMigration = 0820;
					};
				};
			};
			buildConfigurationList = 7267F298D182FAB103C95406 /* Build configuration list for PBXProject "Rhythm" */;
			compatibilityVersion = "Xcode 3.2";
			developmentRegion = English;
			hasScannedForEncodings = 0;
			knownRegions = (
				en,
			);
			mainGroup = 2A20CC2BA48EEA5832DD3C55;
			productRefGroup = 0C2F3BB7816215EB53BF9C87 /* Products */;
			projectDirPath = "";
			projectRoot = "";
			targets = (
				C71D451456D5E3D35993189B /* Rhythm iOS */,
				7F7654363AEF32DECBCAE8D6 /* Rhythm iOS Tests */,
				7EF7B0C01CC0815146897070 /* Rhythm macOS */,
				68B1321764C937D9BB0F73B0 /* Rhythm macOS Tests */,
			);
		};
/* End PBXProject section */

/* Begin PBXShellScriptBuildPhase section */
		039816C25DB8229C97D2D1F3 /* ShellScript */ = {
			isa = PBXShellScriptBuildPhase;
			buildActionMask = 2147483647;
			files = (
			);
			inputPaths = (
				"$(SRCROOT)/Carthage/Build/iOS/Algebra.framework",
				"$(SRCROOT)/Carthage/Build/iOS/ArithmeticTools.framework",
			);
			outputPaths = (
			);
			runOnlyForDeploymentPostprocessing = 0;
			shellPath = /bin/sh;
			shellScript = "/usr/local/bin/carthage copy-frameworks";
		};
		97103780CBF2792481211C52 /* ShellScript */ = {
			isa = PBXShellScriptBuildPhase;
			buildActionMask = 2147483647;
			files = (
			);
			inputPaths = (
				"$(SRCROOT)/Carthage/Build/Mac/Algebra.framework",
				"$(SRCROOT)/Carthage/Build/Mac/ArithmeticTools.framework",
			);
			outputPaths = (
			);
			runOnlyForDeploymentPostprocessing = 0;
			shellPath = /bin/sh;
			shellScript = "/usr/local/bin/carthage copy-frameworks";
		};
/* End PBXShellScriptBuildPhase section */

/* Begin PBXSourcesBuildPhase section */
		0CBE76DEDA9EE61A028BAA49 /* Sources */ = {
			isa = PBXSourcesBuildPhase;
			buildActionMask = 2147483647;
			files = (
				07731EDB1F06C2D400BDDCD6 /* EasingEvaluateTests.swift in Sources */,
				077554881E1B370C00CF4A8A /* RhythmTreeTests.swift in Sources */,
				07731EDE1F06C2F800BDDCD6 /* EasingIntegrateTests.swift in Sources */,
				07BC8B231E4E599400605430 /* MetricalDurationTreeTests.swift in Sources */,
				075C30551EB1618D008DB1D6 /* TempoTests.swift in Sources */,
				07C265A61F16C40C0058AD73 /* MeterCollectionTests.swift in Sources */,
				073EC7251E3D2A7F00B63692 /* MetricalDurationTests.swift in Sources */,
				07731EE11F06C6E300BDDCD6 /* InterpolationTests.swift in Sources */,
				0743097E1E441A23002B88A1 /* ProportionTreeTests.swift in Sources */,
				075C30581EB161A2008DB1D6 /* MeterTests.swift in Sources */,
			);
			runOnlyForDeploymentPostprocessing = 0;
		};
		2081DE31896031221F3D8F2A /* Sources */ = {
			isa = PBXSourcesBuildPhase;
			buildActionMask = 2147483647;
			files = (
				0771A5E81ED4B94E00733CFF /* Beats.swift in Sources */,
				0771A5EB1ED4B99300733CFF /* Subdivision.swift in Sources */,
				077E2EB71F17BCA2003D14FA /* MetricalDurationSpanningFragment.swift in Sources */,
				077554751E1B12A700CF4A8A /* MetricalDuration.swift in Sources */,
				0775548C1E1B41CB00CF4A8A /* MetricalContext.swift in Sources */,
				072CBDA81E4AB2CF00B5001B /* MetricalDurationTree.swift in Sources */,
				075C304F1EB15EB0008DB1D6 /* Meter.swift in Sources */,
				07C265881F165EAA0058AD73 /* Meter.Fragment.swift in Sources */,
				077E2EB11F17BABA003D14FA /* Spanning.swift in Sources */,
				077E2EAB1F178CCB003D14FA /* MetricalDurationSpanning.swift in Sources */,
				07C2658B1F16608F0058AD73 /* Meter.Collection.swift in Sources */,
				07A846CB1EDB7DDF0038757A /* Meter.Context.swift in Sources */,
				07C265A01F166FA70058AD73 /* SpanningContainerBuilder.swift in Sources */,
				075C304C1EB15E9F008DB1D6 /* Tempo.swift in Sources */,
				0771A6091ED4FE4000733CFF /* Tempo.Interpolation.swift in Sources */,
				07C265911F1664A90058AD73 /* Tempo.Interpolation.Fragment.swift in Sources */,
				0757B9341F155038004247D9 /* Tempo.Interpolation.Easing.swift in Sources */,
				0757B93A1F15523E004247D9 /* Tempo.Interpolation.Collection.swift in Sources */,
				07C265A31F167C000058AD73 /* Meter.Collection.Builder.swift in Sources */,
				07C2659D1F166E0E0058AD73 /* Tempo.Interpolation.Collection.Builder.swift in Sources */,
				0771A5E21ED4ADA300733CFF /* BeatContext.swift in Sources */,
				07C265971F1669250058AD73 /* Fragment.swift in Sources */,
				077E2EC11F18CAC3003D14FA /* MetricalDurationSpanningContainerBuilder.swift in Sources */,
				077E2EBA1F17BD93003D14FA /* SpanningContainer.swift in Sources */,
				077E2EB41F17BAF9003D14FA /* MetricalDurationSpanningContainer.swift in Sources */,
				0743097B1E4419CB002B88A1 /* ProportionTree.swift in Sources */,
				0775547B1E1B163600CF4A8A /* RhythmTree.swift in Sources */,
				07B701C61EDA204500C946AD /* Tempo.Context.swift in Sources */,
			);
			runOnlyForDeploymentPostprocessing = 0;
		};
		8A821272CBD25E9F50C1B459 /* Sources */ = {
			isa = PBXSourcesBuildPhase;
			buildActionMask = 2147483647;
			files = (
				07731EDA1F06C2D400BDDCD6 /* EasingEvaluateTests.swift in Sources */,
				077554871E1B370C00CF4A8A /* RhythmTreeTests.swift in Sources */,
				07731EDD1F06C2F800BDDCD6 /* EasingIntegrateTests.swift in Sources */,
				07BC8B221E4E599400605430 /* MetricalDurationTreeTests.swift in Sources */,
				075C30541EB1618D008DB1D6 /* TempoTests.swift in Sources */,
				07C265A51F16C40C0058AD73 /* MeterCollectionTests.swift in Sources */,
				073EC7241E3D2A7F00B63692 /* MetricalDurationTests.swift in Sources */,
				07731EE01F06C6E300BDDCD6 /* InterpolationTests.swift in Sources */,
				0743097D1E441A23002B88A1 /* ProportionTreeTests.swift in Sources */,
				075C30571EB161A2008DB1D6 /* MeterTests.swift in Sources */,
			);
			runOnlyForDeploymentPostprocessing = 0;
		};
		98165B960941EB225DB7DD47 /* Sources */ = {
			isa = PBXSourcesBuildPhase;
			buildActionMask = 2147483647;
			files = (
				0771A5E71ED4B94E00733CFF /* Beats.swift in Sources */,
				0771A5EA1ED4B99300733CFF /* Subdivision.swift in Sources */,
				077E2EB61F17BCA2003D14FA /* MetricalDurationSpanningFragment.swift in Sources */,
				077554741E1B12A700CF4A8A /* MetricalDuration.swift in Sources */,
				0771A6081ED4FE4000733CFF /* Tempo.Interpolation.swift in Sources */,
				07C265901F1664A90058AD73 /* Tempo.Interpolation.Fragment.swift in Sources */,
				0757B9331F155038004247D9 /* Tempo.Interpolation.Easing.swift in Sources */,
				075C304B1EB15E9F008DB1D6 /* Tempo.swift in Sources */,
				077E2EB01F17BABA003D14FA /* Spanning.swift in Sources */,
				077E2EAA1F178CCB003D14FA /* MetricalDurationSpanning.swift in Sources */,
				0757B9391F15523E004247D9 /* Tempo.Interpolation.Collection.swift in Sources */,
				07C2659C1F166E0E0058AD73 /* Tempo.Interpolation.Collection.Builder.swift in Sources */,
				07C2659F1F166FA70058AD73 /* SpanningContainerBuilder.swift in Sources */,
				075C304E1EB15EB0008DB1D6 /* Meter.swift in Sources */,
				07C265871F165EAA0058AD73 /* Meter.Fragment.swift in Sources */,
				07C2658A1F16608F0058AD73 /* Meter.Collection.swift in Sources */,
				0775548B1E1B41CB00CF4A8A /* MetricalContext.swift in Sources */,
				0771A5E11ED4ADA300733CFF /* BeatContext.swift in Sources */,
				07C265A21F167C000058AD73 /* Meter.Collection.Builder.swift in Sources */,
				07C265961F1669250058AD73 /* Fragment.swift in Sources */,
				0743097A1E4419CB002B88A1 /* ProportionTree.swift in Sources */,
				072CBDA71E4AB2CF00B5001B /* MetricalDurationTree.swift in Sources */,
				077E2EC01F18CAC3003D14FA /* MetricalDurationSpanningContainerBuilder.swift in Sources */,
				077E2EB91F17BD93003D14FA /* SpanningContainer.swift in Sources */,
				077E2EB31F17BAF9003D14FA /* MetricalDurationSpanningContainer.swift in Sources */,
				0775547A1E1B163600CF4A8A /* RhythmTree.swift in Sources */,
				07A846CA1EDB7DDF0038757A /* Meter.Context.swift in Sources */,
				07B701C51EDA204500C946AD /* Tempo.Context.swift in Sources */,
			);
			runOnlyForDeploymentPostprocessing = 0;
		};
/* End PBXSourcesBuildPhase section */

/* Begin PBXTargetDependency section */
		8A4F92A476AE751A3F40610A /* PBXTargetDependency */ = {
			isa = PBXTargetDependency;
			name = "Rhythm macOS";
			target = 7EF7B0C01CC0815146897070 /* Rhythm macOS */;
			targetProxy = F5C5A1C5A1F30DFE564ABF02 /* PBXContainerItemProxy */;
		};
		BB0A7A650D77291A2BD09961 /* PBXTargetDependency */ = {
			isa = PBXTargetDependency;
			name = "Rhythm iOS";
			target = C71D451456D5E3D35993189B /* Rhythm iOS */;
			targetProxy = DECE3D4FAEF4BD2A32A9E80F /* PBXContainerItemProxy */;
		};
/* End PBXTargetDependency section */

/* Begin XCBuildConfiguration section */
		26E2791ABA1740B4DD4E645A /* Debug */ = {
			isa = XCBuildConfiguration;
			buildSettings = {
				ALWAYS_SEARCH_USER_PATHS = NO;
				CLANG_ANALYZER_NONNULL = YES;
				CLANG_CXX_LANGUAGE_STANDARD = "gnu++0x";
				CLANG_CXX_LIBRARY = "libc++";
				CLANG_ENABLE_MODULES = YES;
				CLANG_ENABLE_OBJC_ARC = YES;
				CLANG_WARN_BOOL_CONVERSION = YES;
				CLANG_WARN_CONSTANT_CONVERSION = YES;
				CLANG_WARN_DIRECT_OBJC_ISA_USAGE = YES;
				CLANG_WARN_EMPTY_BODY = YES;
				CLANG_WARN_ENUM_CONVERSION = YES;
				CLANG_WARN_INFINITE_RECURSION = YES;
				CLANG_WARN_INT_CONVERSION = YES;
				CLANG_WARN_OBJC_ROOT_CLASS = YES;
				CLANG_WARN_SUSPICIOUS_MOVE = YES;
				CLANG_WARN_UNREACHABLE_CODE = YES;
				CLANG_WARN__DUPLICATE_METHOD_MATCH = YES;
				COPY_PHASE_STRIP = NO;
				ENABLE_STRICT_OBJC_MSGSEND = YES;
				ENABLE_TESTABILITY = YES;
				GCC_C_LANGUAGE_STANDARD = gnu99;
				GCC_DYNAMIC_NO_PIC = NO;
				GCC_NO_COMMON_BLOCKS = YES;
				GCC_OPTIMIZATION_LEVEL = 0;
				GCC_PREPROCESSOR_DEFINITIONS = (
					"DEBUG=1",
					"$(inherited)",
				);
				GCC_SYMBOLS_PRIVATE_EXTERN = NO;
				GCC_WARN_64_TO_32_BIT_CONVERSION = YES;
				GCC_WARN_ABOUT_RETURN_TYPE = YES;
				GCC_WARN_UNDECLARED_SELECTOR = YES;
				GCC_WARN_UNINITIALIZED_AUTOS = YES;
				GCC_WARN_UNUSED_FUNCTION = YES;
				GCC_WARN_UNUSED_VARIABLE = YES;
				ONLY_ACTIVE_ARCH = YES;
				SWIFT_OPTIMIZATION_LEVEL = "-Owholemodule";
			};
			name = Debug;
		};
		309D89806C469E949F4459AF /* Debug */ = {
			isa = XCBuildConfiguration;
			buildSettings = {
				ALWAYS_EMBED_SWIFT_STANDARD_LIBRARIES = YES;
				CLANG_ENABLE_MODULES = YES;
				COMBINE_HIDPI_IMAGES = YES;
				DEBUG_INFORMATION_FORMAT = dwarf;
				ENABLE_STRICT_OBJC_MSGSEND = YES;
				FRAMEWORK_SEARCH_PATHS = "$(SRCROOT)/Carthage/Build/Mac";
				GCC_NO_COMMON_BLOCKS = YES;
				INFOPLIST_FILE = RhythmTests/Info.plist;
				LD_RUNPATH_SEARCH_PATHS = "$(inherited) @executable_path/../Frameworks @loader_path/../Frameworks $(SRCROOT)/Carthage/Build/Mac";
				MACOSX_DEPLOYMENT_TARGET = 10.9;
				MTL_ENABLE_DEBUG_INFO = YES;
				PRODUCT_NAME = "$(TARGET_NAME)";
				SDKROOT = macosx;
				SWIFT_OPTIMIZATION_LEVEL = "-Onone";
				SWIFT_VERSION = 3.0;
			};
			name = Debug;
		};
		39A137DC80520943BDDCD303 /* Release */ = {
			isa = XCBuildConfiguration;
			buildSettings = {
				ALWAYS_EMBED_SWIFT_STANDARD_LIBRARIES = YES;
				CLANG_ENABLE_MODULES = YES;
				COMBINE_HIDPI_IMAGES = YES;
				DEBUG_INFORMATION_FORMAT = "dwarf-with-dsym";
				ENABLE_STRICT_OBJC_MSGSEND = YES;
				FRAMEWORK_SEARCH_PATHS = "$(SRCROOT)/Carthage/Build/Mac";
				GCC_NO_COMMON_BLOCKS = YES;
				INFOPLIST_FILE = RhythmTests/Info.plist;
				LD_RUNPATH_SEARCH_PATHS = "$(inherited) @executable_path/../Frameworks @loader_path/../Frameworks $(SRCROOT)/Carthage/Build/Mac";
				MACOSX_DEPLOYMENT_TARGET = 10.9;
				MTL_ENABLE_DEBUG_INFO = NO;
				PRODUCT_NAME = "$(TARGET_NAME)";
				SDKROOT = macosx;
				SWIFT_VERSION = 3.0;
			};
			name = Release;
		};
		4AAB9AD499F745749E975420 /* Release */ = {
			isa = XCBuildConfiguration;
			buildSettings = {
				ALWAYS_SEARCH_USER_PATHS = NO;
				CLANG_ANALYZER_NONNULL = YES;
				CLANG_CXX_LANGUAGE_STANDARD = "gnu++0x";
				CLANG_CXX_LIBRARY = "libc++";
				CLANG_ENABLE_MODULES = YES;
				CLANG_ENABLE_OBJC_ARC = YES;
				CLANG_WARN_BOOL_CONVERSION = YES;
				CLANG_WARN_CONSTANT_CONVERSION = YES;
				CLANG_WARN_DIRECT_OBJC_ISA_USAGE = YES;
				CLANG_WARN_EMPTY_BODY = YES;
				CLANG_WARN_ENUM_CONVERSION = YES;
				CLANG_WARN_INFINITE_RECURSION = YES;
				CLANG_WARN_INT_CONVERSION = YES;
				CLANG_WARN_OBJC_ROOT_CLASS = YES;
				CLANG_WARN_SUSPICIOUS_MOVE = YES;
				CLANG_WARN_UNREACHABLE_CODE = YES;
				CLANG_WARN__DUPLICATE_METHOD_MATCH = YES;
				COPY_PHASE_STRIP = YES;
				ENABLE_NS_ASSERTIONS = NO;
				ENABLE_STRICT_OBJC_MSGSEND = YES;
				GCC_C_LANGUAGE_STANDARD = gnu99;
				GCC_NO_COMMON_BLOCKS = YES;
				GCC_WARN_64_TO_32_BIT_CONVERSION = YES;
				GCC_WARN_ABOUT_RETURN_TYPE = YES;
				GCC_WARN_UNDECLARED_SELECTOR = YES;
				GCC_WARN_UNINITIALIZED_AUTOS = YES;
				GCC_WARN_UNUSED_FUNCTION = YES;
				GCC_WARN_UNUSED_VARIABLE = YES;
				SWIFT_OPTIMIZATION_LEVEL = "-Owholemodule";
				VALIDATE_PRODUCT = YES;
			};
			name = Release;
		};
		5313A5B94E99698FD9A22135 /* Debug */ = {
			isa = XCBuildConfiguration;
			buildSettings = {
				ALWAYS_EMBED_SWIFT_STANDARD_LIBRARIES = NO;
				CLANG_ENABLE_MODULES = YES;
				"CODE_SIGN_IDENTITY[sdk=iphoneos*]" = "";
				CURRENT_PROJECT_VERSION = 1;
				DEBUG_INFORMATION_FORMAT = dwarf;
				DEFINES_MODULE = YES;
				DYLIB_COMPATIBILITY_VERSION = 1;
				DYLIB_CURRENT_VERSION = 1;
				DYLIB_INSTALL_NAME_BASE = "@rpath";
				ENABLE_BITCODE = NO;
				ENABLE_STRICT_OBJC_MSGSEND = YES;
				FRAMEWORK_SEARCH_PATHS = "$(SRCROOT)/Carthage/Build/iOS";
				GCC_NO_COMMON_BLOCKS = YES;
				INFOPLIST_FILE = Rhythm/Info.plist;
				INSTALL_PATH = "$(LOCAL_LIBRARY_DIR)/Frameworks";
				IPHONEOS_DEPLOYMENT_TARGET = 8.4;
				LD_RUNPATH_SEARCH_PATHS = "$(inherited) @executable_path/Frameworks @loader_path/Frameworks";
				MTL_ENABLE_DEBUG_INFO = YES;
				PRODUCT_BUNDLE_IDENTIFIER = "com.dn-m.Rhythm";
				PRODUCT_NAME = Rhythm;
				SDKROOT = iphoneos;
				SKIP_INSTALL = YES;
				SWIFT_OPTIMIZATION_LEVEL = "-Onone";
				SWIFT_VERSION = 3.0;
				TARGETED_DEVICE_FAMILY = "1,2";
				VERSIONING_SYSTEM = "apple-generic";
				VERSION_INFO_PREFIX = "";
			};
			name = Debug;
		};
		6012518A1144B3D4D1A77050 /* Debug */ = {
			isa = XCBuildConfiguration;
			buildSettings = {
				ALWAYS_EMBED_SWIFT_STANDARD_LIBRARIES = NO;
				CLANG_ENABLE_MODULES = YES;
				CODE_SIGN_IDENTITY = "-";
				"CODE_SIGN_IDENTITY[sdk=iphoneos*]" = "-";
				COMBINE_HIDPI_IMAGES = YES;
				CURRENT_PROJECT_VERSION = 1;
				DEBUG_INFORMATION_FORMAT = dwarf;
				DEFINES_MODULE = YES;
				DYLIB_COMPATIBILITY_VERSION = 1;
				DYLIB_CURRENT_VERSION = 1;
				DYLIB_INSTALL_NAME_BASE = "@rpath";
				ENABLE_STRICT_OBJC_MSGSEND = YES;
				FRAMEWORK_SEARCH_PATHS = "$(SRCROOT)/Carthage/Build/Mac";
				FRAMEWORK_VERSION = A;
				GCC_NO_COMMON_BLOCKS = YES;
				INFOPLIST_FILE = Rhythm/Info.plist;
				INSTALL_PATH = "$(LOCAL_LIBRARY_DIR)/Frameworks";
				LD_RUNPATH_SEARCH_PATHS = "$(inherited) @executable_path/../Frameworks @loader_path/Frameworks";
				MACOSX_DEPLOYMENT_TARGET = 10.9;
				MTL_ENABLE_DEBUG_INFO = YES;
				PRODUCT_BUNDLE_IDENTIFIER = "com.dn-m.Rhythm";
				PRODUCT_NAME = Rhythm;
				SDKROOT = macosx;
				SKIP_INSTALL = YES;
				SWIFT_OPTIMIZATION_LEVEL = "-Onone";
				SWIFT_VERSION = 3.0;
				VERSIONING_SYSTEM = "apple-generic";
				VERSION_INFO_PREFIX = "";
			};
			name = Debug;
		};
		78FDD55B52455FFB057B6952 /* Debug */ = {
			isa = XCBuildConfiguration;
			buildSettings = {
				ALWAYS_EMBED_SWIFT_STANDARD_LIBRARIES = YES;
				CLANG_ENABLE_MODULES = YES;
				COMBINE_HIDPI_IMAGES = YES;
				DEBUG_INFORMATION_FORMAT = dwarf;
				ENABLE_STRICT_OBJC_MSGSEND = YES;
				FRAMEWORK_SEARCH_PATHS = "$(SRCROOT)/Carthage/Build/iOS";
				GCC_NO_COMMON_BLOCKS = YES;
				INFOPLIST_FILE = RhythmTests/Info.plist;
				IPHONEOS_DEPLOYMENT_TARGET = 8.4;
				LD_RUNPATH_SEARCH_PATHS = "$(inherited) @executable_path/Frameworks @loader_path/Frameworks $(SRCROOT)/Carthage/Build/iOS";
				MTL_ENABLE_DEBUG_INFO = YES;
				PRODUCT_NAME = "$(TARGET_NAME)";
				SDKROOT = iphoneos;
				SWIFT_OPTIMIZATION_LEVEL = "-Onone";
				SWIFT_VERSION = 3.0;
			};
			name = Debug;
		};
		8FDC62EA6A08ADF6FE206F12 /* Release */ = {
			isa = XCBuildConfiguration;
			buildSettings = {
				ALWAYS_EMBED_SWIFT_STANDARD_LIBRARIES = NO;
				CLANG_ENABLE_MODULES = YES;
				"CODE_SIGN_IDENTITY[sdk=iphoneos*]" = "";
				CURRENT_PROJECT_VERSION = 1;
				DEBUG_INFORMATION_FORMAT = "dwarf-with-dsym";
				DEFINES_MODULE = YES;
				DEVELOPMENT_TEAM = "";
				DYLIB_COMPATIBILITY_VERSION = 1;
				DYLIB_CURRENT_VERSION = 1;
				DYLIB_INSTALL_NAME_BASE = "@rpath";
				ENABLE_BITCODE = NO;
				ENABLE_STRICT_OBJC_MSGSEND = YES;
				FRAMEWORK_SEARCH_PATHS = "$(SRCROOT)/Carthage/Build/iOS";
				GCC_NO_COMMON_BLOCKS = YES;
				INFOPLIST_FILE = Rhythm/Info.plist;
				INSTALL_PATH = "$(LOCAL_LIBRARY_DIR)/Frameworks";
				IPHONEOS_DEPLOYMENT_TARGET = 8.4;
				LD_RUNPATH_SEARCH_PATHS = "$(inherited) @executable_path/Frameworks @loader_path/Frameworks";
				MTL_ENABLE_DEBUG_INFO = NO;
				PRODUCT_BUNDLE_IDENTIFIER = "com.dn-m.Rhythm";
				PRODUCT_NAME = Rhythm;
				SDKROOT = iphoneos;
				SKIP_INSTALL = YES;
				SWIFT_VERSION = 3.0;
				TARGETED_DEVICE_FAMILY = "1,2";
				VERSIONING_SYSTEM = "apple-generic";
				VERSION_INFO_PREFIX = "";
			};
			name = Release;
		};
		B262A45555644683D453E889 /* Release */ = {
			isa = XCBuildConfiguration;
			buildSettings = {
				ALWAYS_EMBED_SWIFT_STANDARD_LIBRARIES = NO;
				CLANG_ENABLE_MODULES = YES;
				CODE_SIGN_IDENTITY = "-";
				"CODE_SIGN_IDENTITY[sdk=iphoneos*]" = "-";
				COMBINE_HIDPI_IMAGES = YES;
				CURRENT_PROJECT_VERSION = 1;
				DEBUG_INFORMATION_FORMAT = "dwarf-with-dsym";
				DEFINES_MODULE = YES;
				DYLIB_COMPATIBILITY_VERSION = 1;
				DYLIB_CURRENT_VERSION = 1;
				DYLIB_INSTALL_NAME_BASE = "@rpath";
				ENABLE_STRICT_OBJC_MSGSEND = YES;
				FRAMEWORK_SEARCH_PATHS = "$(SRCROOT)/Carthage/Build/Mac";
				FRAMEWORK_VERSION = A;
				GCC_NO_COMMON_BLOCKS = YES;
				INFOPLIST_FILE = Rhythm/Info.plist;
				INSTALL_PATH = "$(LOCAL_LIBRARY_DIR)/Frameworks";
				LD_RUNPATH_SEARCH_PATHS = "$(inherited) @executable_path/../Frameworks @loader_path/Frameworks";
				MACOSX_DEPLOYMENT_TARGET = 10.9;
				MTL_ENABLE_DEBUG_INFO = NO;
				PRODUCT_BUNDLE_IDENTIFIER = "com.dn-m.Rhythm";
				PRODUCT_NAME = Rhythm;
				SDKROOT = macosx;
				SKIP_INSTALL = YES;
				SWIFT_VERSION = 3.0;
				VERSIONING_SYSTEM = "apple-generic";
				VERSION_INFO_PREFIX = "";
			};
			name = Release;
		};
		D5B34DFCE5CBF200839CAE50 /* Release */ = {
			isa = XCBuildConfiguration;
			buildSettings = {
				ALWAYS_EMBED_SWIFT_STANDARD_LIBRARIES = YES;
				CLANG_ENABLE_MODULES = YES;
				COMBINE_HIDPI_IMAGES = YES;
				DEBUG_INFORMATION_FORMAT = "dwarf-with-dsym";
				ENABLE_STRICT_OBJC_MSGSEND = YES;
				FRAMEWORK_SEARCH_PATHS = "$(SRCROOT)/Carthage/Build/iOS";
				GCC_NO_COMMON_BLOCKS = YES;
				INFOPLIST_FILE = RhythmTests/Info.plist;
				IPHONEOS_DEPLOYMENT_TARGET = 8.4;
				LD_RUNPATH_SEARCH_PATHS = "$(inherited) @executable_path/Frameworks @loader_path/Frameworks $(SRCROOT)/Carthage/Build/iOS";
				MTL_ENABLE_DEBUG_INFO = NO;
				PRODUCT_NAME = "$(TARGET_NAME)";
				SDKROOT = iphoneos;
				SWIFT_VERSION = 3.0;
			};
			name = Release;
		};
/* End XCBuildConfiguration section */

/* Begin XCConfigurationList section */
		71A562C48AC0F48C2BD6D45B /* Build configuration list for PBXNativeTarget "Rhythm macOS Tests" */ = {
			isa = XCConfigurationList;
			buildConfigurations = (
				39A137DC80520943BDDCD303 /* Release */,
				309D89806C469E949F4459AF /* Debug */,
			);
			defaultConfigurationIsVisible = 0;
			defaultConfigurationName = Release;
		};
		7267F298D182FAB103C95406 /* Build configuration list for PBXProject "Rhythm" */ = {
			isa = XCConfigurationList;
			buildConfigurations = (
				26E2791ABA1740B4DD4E645A /* Debug */,
				4AAB9AD499F745749E975420 /* Release */,
			);
			defaultConfigurationIsVisible = 0;
			defaultConfigurationName = Release;
		};
		98A892E70D50CF79F1D02477 /* Build configuration list for PBXNativeTarget "Rhythm iOS" */ = {
			isa = XCConfigurationList;
			buildConfigurations = (
				8FDC62EA6A08ADF6FE206F12 /* Release */,
				5313A5B94E99698FD9A22135 /* Debug */,
			);
			defaultConfigurationIsVisible = 0;
			defaultConfigurationName = Release;
		};
		A8C8ECD2F810D29340610185 /* Build configuration list for PBXNativeTarget "Rhythm iOS Tests" */ = {
			isa = XCConfigurationList;
			buildConfigurations = (
				D5B34DFCE5CBF200839CAE50 /* Release */,
				78FDD55B52455FFB057B6952 /* Debug */,
			);
			defaultConfigurationIsVisible = 0;
			defaultConfigurationName = Release;
		};
		F4DAD03BA51D824496B5546A /* Build configuration list for PBXNativeTarget "Rhythm macOS" */ = {
			isa = XCConfigurationList;
			buildConfigurations = (
				B262A45555644683D453E889 /* Release */,
				6012518A1144B3D4D1A77050 /* Debug */,
			);
			defaultConfigurationIsVisible = 0;
			defaultConfigurationName = Release;
		};
/* End XCConfigurationList section */
	};
	rootObject = 0C54FFDB338FC194332A4FFD /* Project object */;
}
